
Microsoft Visual Studio Solution File, Format Version 12.00
# Visual Studio 2012
Project("{2150E333-8FDC-42A3-9474-1A3956D46DE8}") = "Solution Items", "Solution Items", "{3D67A69E-A8CF-4A90-AD93-0F227F2F406F}"
	ProjectSection(SolutionItems) = preProject
		LICENSE = LICENSE
		README.md = README.md
	EndProjectSection
EndProject
Project("{FAE04EC0-301F-11D3-BF4B-00C04F79EFBC}") = "SuperSaaS.API.Tests", "SuperSaaS.API.Tests\SuperSaaS.API.Tests.csproj", "{1B10C8FC-D04B-4DD2-91C1-2653F90283F0}"
EndProject
Project("{FAE04EC0-301F-11D3-BF4B-00C04F79EFBC}") = "SuperSaaS.API.Client", "SuperSaaS.API.Client\SuperSaaS.API.Client.csproj", "{BB20D879-6063-46D9-9AB1-3A9C142D3A91}"
EndProject
Project("{FAE04EC0-301F-11D3-BF4B-00C04F79EFBC}") = "Examples", "Examples\Examples.csproj", "{C39777E5-5755-4544-B3A2-FC68936479AB}"
EndProject
Global
	GlobalSection(SolutionConfigurationPlatforms) = preSolution
		Debug|Any CPU = Debug|Any CPU
		Release|Any CPU = Release|Any CPU
	EndGlobalSection
	GlobalSection(ProjectConfigurationPlatforms) = postSolution
		{1B10C8FC-D04B-4DD2-91C1-2653F90283F0}.Debug|Any CPU.ActiveCfg = Debug|Any CPU
		{1B10C8FC-D04B-4DD2-91C1-2653F90283F0}.Debug|Any CPU.Build.0 = Debug|Any CPU
		{1B10C8FC-D04B-4DD2-91C1-2653F90283F0}.Release|Any CPU.ActiveCfg = Release|Any CPU
		{1B10C8FC-D04B-4DD2-91C1-2653F90283F0}.Release|Any CPU.Build.0 = Release|Any CPU
		{BB20D879-6063-46D9-9AB1-3A9C142D3A91}.Debug|Any CPU.ActiveCfg = Debug|Any CPU
		{BB20D879-6063-46D9-9AB1-3A9C142D3A91}.Debug|Any CPU.Build.0 = Debug|Any CPU
		{BB20D879-6063-46D9-9AB1-3A9C142D3A91}.Release|Any CPU.ActiveCfg = Release|Any CPU
		{BB20D879-6063-46D9-9AB1-3A9C142D3A91}.Release|Any CPU.Build.0 = Release|Any CPU
		{C39777E5-5755-4544-B3A2-FC68936479AB}.Debug|Any CPU.ActiveCfg = Debug|Any CPU
		{C39777E5-5755-4544-B3A2-FC68936479AB}.Debug|Any CPU.Build.0 = Debug|Any CPU
		{C39777E5-5755-4544-B3A2-FC68936479AB}.Release|Any CPU.ActiveCfg = Release|Any CPU
		{C39777E5-5755-4544-B3A2-FC68936479AB}.Release|Any CPU.Build.0 = Release|Any CPU
	EndGlobalSection
	GlobalSection(MonoDevelopProperties) = preSolution
		Policies = $0
		$0.StandardHeader = $1
		$1.IncludeInNewFiles = False
	EndGlobalSection
EndGlobal
